
Microsoft Visual Studio Solution File, Format Version 12.00
# Visual Studio 15
VisualStudioVersion = 15.0.27703.2042
MinimumVisualStudioVersion = 10.0.40219.1
Project("{FAE04EC0-301F-11D3-BF4B-00C04F79EFBC}") = "TimeReporter.Web", "TimeReporter.Web\TimeReporter.Web.csproj", "{FCA37A0D-2244-469C-A3D6-8364F47DB00B}"
EndProject
Global
	GlobalSection(SolutionConfigurationPlatforms) = preSolution
		Debug|Any CPU = Debug|Any CPU
		Release|Any CPU = Release|Any CPU
	EndGlobalSection
	GlobalSection(ProjectConfigurationPlatforms) = postSolution
		{FCA37A0D-2244-469C-A3D6-8364F47DB00B}.Debug|Any CPU.ActiveCfg = Debug|Any CPU
		{FCA37A0D-2244-469C-A3D6-8364F47DB00B}.Debug|Any CPU.Build.0 = Debug|Any CPU
		{FCA37A0D-2244-469C-A3D6-8364F47DB00B}.Release|Any CPU.ActiveCfg = Release|Any CPU
		{FCA37A0D-2244-469C-A3D6-8364F47DB00B}.Release|Any CPU.Build.0 = Release|Any CPU
	EndGlobalSection
	GlobalSection(SolutionProperties) = preSolution
		HideSolutionNode = FALSE
	EndGlobalSection
	GlobalSection(ExtensibilityGlobals) = postSolution
		SolutionGuid = {255C55F5-2CCE-4C4A-A0A2-F51BA524E0EF}
	EndGlobalSection
EndGlobal
